<?xml version="1.0" encoding="utf-8"?>
<Project ToolsVersion="4.0" xmlns="http://schemas.microsoft.com/developer/msbuild/2003">
  <ItemGroup>
    <ClCompile Include="Game.cpp">
      <Filter>P2Engine</Filter>
    </ClCompile>
    <ClCompile Include="P2Engine\Alarmable.cpp">
      <Filter>P2Engine\Source\AlarmSystem</Filter>
    </ClCompile>
    <ClCompile Include="P2Engine\AlarmManager.cpp">
      <Filter>P2Engine\Source\AlarmSystem</Filter>
    </ClCompile>
    <ClCompile Include="P2Engine\AssetManager.cpp">
      <Filter>P2Engine\Source\AssetManager</Filter>
    </ClCompile>
    <ClCompile Include="P2Engine\InputManager.cpp">
      <Filter>P2Engine\Source\InputSystem</Filter>
    </ClCompile>
    <ClCompile Include="P2Engine\KeyState.cpp">
      <Filter>P2Engine\Source\InputSystem</Filter>
    </ClCompile>
    <ClCompile Include="P2Engine\TimeManager.cpp">
      <Filter>P2Engine\Source\TimeSystem</Filter>
    </ClCompile>
    <ClCompile Include="P2Engine\Scene.cpp">
      <Filter>P2Engine\Source\Scene System</Filter>
    </ClCompile>
    <ClCompile Include="P2Engine\SceneManager.cpp">
      <Filter>P2Engine\Source\Scene System</Filter>
    </ClCompile>
    <ClCompile Include="P2Engine\DrawableManager.cpp">
      <Filter>P2Engine\Source\DrawingSystem</Filter>
    </ClCompile>
    <ClCompile Include="P2Engine\UpdatableManager.cpp">
      <Filter>P2Engine\Source\Update System</Filter>
    </ClCompile>
    <ClCompile Include="P2Engine\TerminableManager.cpp">
      <Filter>P2Engine\Source\TerminableSystem</Filter>
    </ClCompile>
    <ClCompile Include="P2Engine\TerminationDumpster.cpp">
      <Filter>P2Engine\Source\TerminableSystem</Filter>
    </ClCompile>
    <ClCompile Include="P2Engine\Inputable.cpp">
      <Filter>P2Engine\Source\InputSystem</Filter>
    </ClCompile>
    <ClCompile Include="P2Engine\Terminable.cpp">
      <Filter>P2Engine\Source\TerminableSystem</Filter>
    </ClCompile>
    <ClCompile Include="P2Engine\Updatable.cpp">
      <Filter>P2Engine\Source\Update System</Filter>
    </ClCompile>
    <ClCompile Include="..\User Files\P2EngineContent.cpp">
      <Filter>User Files</Filter>
    </ClCompile>
    <ClCompile Include="..\User Files\Bomb.cpp">
      <Filter>User Files\GameObjects\Demo GameObjects</Filter>
    </ClCompile>
    <ClCompile Include="..\User Files\Bucket.cpp">
      <Filter>User Files\GameObjects\Demo GameObjects</Filter>
    </ClCompile>
    <ClCompile Include="..\User Files\Floor.cpp">
      <Filter>User Files\GameObjects\Demo GameObjects</Filter>
    </ClCompile>
    <ClCompile Include="..\User Files\WinText.cpp">
      <Filter>User Files\GameObjects\Demo GameObjects</Filter>
    </ClCompile>
    <ClCompile Include="..\User Files\WinScene.cpp">
      <Filter>User Files\Levels\Demo Levels</Filter>
    </ClCompile>
    <ClCompile Include="..\User Files\TutorialLevel1.cpp">
      <Filter>User Files\Levels\Demo Levels</Filter>
    </ClCompile>
    <ClCompile Include="..\User Files\LoseScene .cpp">
      <Filter>User Files\Levels\Demo Levels</Filter>
    </ClCompile>
    <ClCompile Include="..\User Files\LoseText.cpp">
      <Filter>User Files\GameObjects\Demo GameObjects</Filter>
    </ClCompile>
    <ClCompile Include="..\User Files\GameController.cpp">
      <Filter>User Files\GameObjects\Demo GameObjects</Filter>
    </ClCompile>
    <ClCompile Include="..\User Files\RecyclingBombFactory.cpp">
      <Filter>User Files\GameObjects\Demo GameObjects</Filter>
    </ClCompile>
    <ClCompile Include="P2Engine\Drawable.cpp">
      <Filter>P2Engine\Source\DrawingSystem</Filter>
    </ClCompile>
    <ClCompile Include="P2Engine\Collidable.cpp">
      <Filter>P2Engine\Source\CollisionSystem</Filter>
    </ClCompile>
    <ClCompile Include="P2Engine\CollisionManager.cpp">
      <Filter>P2Engine\Source\CollisionSystem</Filter>
    </ClCompile>
    <ClCompile Include="..\User Files\Level1.cpp">
      <Filter>User Files\Levels\debugging Level for engine</Filter>
    </ClCompile>
    <ClCompile Include="..\User Files\Level2.cpp">
      <Filter>User Files\Levels\debugging Level for engine</Filter>
    </ClCompile>
    <ClCompile Include="..\User Files\BattleShip.cpp">
      <Filter>User Files\GameObjects\DebuggingGameObjects</Filter>
    </ClCompile>
    <ClCompile Include="..\User Files\Ship.cpp">
      <Filter>User Files\GameObjects\DebuggingGameObjects</Filter>
    </ClCompile>
    <ClCompile Include="..\User Files\WeirdShape.cpp">
      <Filter>User Files\GameObjects\DebuggingGameObjects</Filter>
    </ClCompile>
    <ClCompile Include="P2Engine\GraphicsObjectMaker.cpp">
      <Filter>P2Engine\Source\GraphicsObjectMaker</Filter>
    </ClCompile>
    <ClCompile Include="P2Engine\BoundingSphereVolume.cpp">
      <Filter>P2Engine\Source\CollisionSystem</Filter>
    </ClCompile>
    <ClCompile Include="..\User Files\DesertFloor.cpp">
      <Filter>User Files\GameObjects\TankGameDemoGameObjects</Filter>
    </ClCompile>
    <ClCompile Include="..\User Files\TankShell.cpp">
      <Filter>User Files\GameObjects\TankGameDemoGameObjects</Filter>
    </ClCompile>
    <ClCompile Include="..\User Files\DeathMatchLevel.cpp">
      <Filter>User Files\Levels\TankGameLevel</Filter>
    </ClCompile>
    <ClCompile Include="..\User Files\TankBottom.cpp">
      <Filter>User Files\GameObjects\TankGameDemoGameObjects</Filter>
    </ClCompile>
    <ClCompile Include="..\User Files\TankTop.cpp">
      <Filter>User Files\GameObjects\TankGameDemoGameObjects</Filter>
    </ClCompile>
    <ClCompile Include="..\User Files\Tank.cpp">
      <Filter>User Files\GameObjects\TankGameDemoGameObjects</Filter>
    </ClCompile>
    <ClCompile Include="P2Engine\SoundManager.cpp">
      <Filter>P2Engine\Headers\SoundSystem</Filter>
    </ClCompile>
    <ClCompile Include="P2Engine\AlarmMarker.cpp">
      <Filter>P2Engine\Source\AlarmSystem</Filter>
    </ClCompile>
    <ClCompile Include="P2Engine\AABBBoundingBox.cpp">
      <Filter>P2Engine\Source\CollisionSystem</Filter>
    </ClCompile>
    <ClCompile Include="P2Engine\OOBB.cpp">
      <Filter>P2Engine\Source\CollisionSystem</Filter>
    </ClCompile>
    <ClCompile Include="P2Engine\DebugVisualizer.cpp">
      <Filter>P2Engine\Source\Tools\DebugVisualizer</Filter>
    </ClCompile>
    <ClCompile Include="P2Engine\P2Math.cpp">
      <Filter>P2Engine\Source\Tools</Filter>
    </ClCompile>
    <ClCompile Include="..\User Files\AlarmTestLevel.cpp">
      <Filter>User Files\Levels\AlarmTestLevel</Filter>
    </ClCompile>
    <ClCompile Include="..\User Files\AlarmExampleGameObject.cpp">
      <Filter>User Files\GameObjects\AlarmTest</Filter>
    </ClCompile>
    <ClCompile Include="P2Engine\TerrainModel.cpp">
      <Filter>P2Engine\Source\TerrainSystem</Filter>
    </ClCompile>
    <ClCompile Include="P2Engine\Terrain.cpp">
      <Filter>P2Engine\Source\TerrainSystem</Filter>
    </ClCompile>
    <ClCompile Include="P2Engine\TerrainAssetManager.cpp">
      <Filter>P2Engine\Source\TerrainSystem</Filter>
    </ClCompile>
    <ClCompile Include="TerrainManager.cpp">
      <Filter>P2Engine\Source\TerrainSystem</Filter>
    </ClCompile>
    <ClCompile Include="..\User Files\SoundTestLevel.cpp">
      <Filter>User Files\Levels\SoundTestLevel</Filter>
    </ClCompile>
    <ClCompile Include="P2Engine\BurstSoundEndReceiver.cpp">
      <Filter>P2Engine\Headers\SoundSystem\SoundEndRecievers</Filter>
    </ClCompile>
    <ClCompile Include="P2Engine\BurstSoundUserEndedReceiver.cpp">
      <Filter>P2Engine\Headers\SoundSystem\SoundEndRecievers</Filter>
    </ClCompile>
    <ClCompile Include="P2Engine\SoundSystem.cpp">
      <Filter>P2Engine\Headers\SoundSystem</Filter>
    </ClCompile>
    <ClCompile Include="P2Engine\Burst3DPlayMode.cpp">
      <Filter>P2Engine\Headers\SoundSystem\PlayModes\3D</Filter>
    </ClCompile>
    <ClCompile Include="P2Engine\Sound.cpp">
      <Filter>P2Engine\Headers\SoundSystem\SoundTypes</Filter>
    </ClCompile>
    <ClCompile Include="P2Engine\Sound2D.cpp">
      <Filter>P2Engine\Headers\SoundSystem\SoundTypes</Filter>
    </ClCompile>
    <ClCompile Include="P2Engine\Burst2DPlayMode.cpp">
      <Filter>P2Engine\Headers\SoundSystem\PlayModes\2D</Filter>
    </ClCompile>
    <ClCompile Include="P2Engine\Looped2DPlayMode.cpp">
      <Filter>P2Engine\Headers\SoundSystem\PlayModes\2D</Filter>
    </ClCompile>
    <ClCompile Include="P2Engine\Looped3DPlayMode.cpp">
      <Filter>P2Engine\Headers\SoundSystem\PlayModes\3D</Filter>
    </ClCompile>
    <ClCompile Include="Audible.cpp">
      <Filter>P2Engine\Headers\SoundSystem</Filter>
    </ClCompile>
    <ClCompile Include="P2Engine\ListeningState.cpp">
      <Filter>P2Engine\Headers\SoundSystem\SoundConsciousListeningStates</Filter>
    </ClCompile>
    <ClCompile Include="P2Engine\NotListeningState.cpp">
      <Filter>P2Engine\Headers\SoundSystem\SoundConsciousListeningStates</Filter>
    </ClCompile>
    <ClCompile Include="P2Engine\Sound3D.cpp">
      <Filter>P2Engine\Headers\SoundSystem\SoundTypes\3D</Filter>
    </ClCompile>
    <ClCompile Include="P2Engine\No3DSound.cpp">
      <Filter>P2Engine\Headers\SoundSystem\SoundTypes\3D</Filter>
    </ClCompile>
    <ClCompile Include="main.cpp">
      <Filter>User Files</Filter>
    </ClCompile>
    <ClCompile Include="P2Engine\DefaultSoundConscious.cpp">
      <Filter>P2Engine\Headers\SoundSystem\SoundConscious</Filter>
    </ClCompile>
    <ClCompile Include="..\User Files\CollisionTester.cpp">
      <Filter>User Files\Levels\TankGameLevel</Filter>
    </ClCompile>
    <ClCompile Include="..\User Files\CollisionTesterMovable.cpp">
      <Filter>User Files\Levels\TankGameLevel</Filter>
    </ClCompile>
  </ItemGroup>
  <ItemGroup>
    <Filter Include="_Libs">
      <UniqueIdentifier>{654b17f4-5c32-4af8-9c06-44081aee35e5}</UniqueIdentifier>
    </Filter>
    <Filter Include="_Libs\_Time">
      <UniqueIdentifier>{00a7d9a7-621b-4cd1-ab70-b15a303a0e69}</UniqueIdentifier>
    </Filter>
    <Filter Include="_Libs\_Time\include">
      <UniqueIdentifier>{22fb9e59-7fdb-44a2-b3f4-aa36c607468e}</UniqueIdentifier>
    </Filter>
    <Filter Include="_Libs\_Math">
      <UniqueIdentifier>{f7cd51a8-6ca7-472f-a6c3-31ce8fde6c0e}</UniqueIdentifier>
    </Filter>
    <Filter Include="_Libs\_Math\include">
      <UniqueIdentifier>{20f26c44-6049-453c-9a4b-38e04c3a12c8}</UniqueIdentifier>
    </Filter>
    <Filter Include="_Libs\_File">
      <UniqueIdentifier>{e3abff6f-2abf-4ce0-b8ef-784c3ec6379b}</UniqueIdentifier>
    </Filter>
    <Filter Include="_Libs\_File\include">
      <UniqueIdentifier>{9aca96a8-c51f-4709-a910-aa551e8732cc}</UniqueIdentifier>
    </Filter>
    <Filter Include="_Libs\_Azul">
      <UniqueIdentifier>{452fe1b8-c527-4569-8967-51e4f2139f06}</UniqueIdentifier>
    </Filter>
    <Filter Include="_Libs\_Azul\include">
      <UniqueIdentifier>{0ad67470-fbca-4090-bba8-5213abfc2846}</UniqueIdentifier>
    </Filter>
    <Filter Include="P2Engine">
      <UniqueIdentifier>{a62e489a-1d7c-4d43-93c3-343e684c9ece}</UniqueIdentifier>
    </Filter>
    <Filter Include="P2Engine\Headers">
      <UniqueIdentifier>{7a460a9e-2837-48e8-9273-0b1427d60239}</UniqueIdentifier>
    </Filter>
    <Filter Include="P2Engine\Source">
      <UniqueIdentifier>{3837cf60-94d9-4533-8703-45f46d09831d}</UniqueIdentifier>
    </Filter>
    <Filter Include="User Files">
      <UniqueIdentifier>{53ce78e6-f690-4cef-b216-4a2ce5c4d8c9}</UniqueIdentifier>
    </Filter>
    <Filter Include="User Files\Levels">
      <UniqueIdentifier>{db7988ba-b3e7-4e26-bbf5-77202d6d9c00}</UniqueIdentifier>
    </Filter>
    <Filter Include="User Files\GameObjects">
      <UniqueIdentifier>{36f60b81-a52b-4db3-a74f-be7c7eabc84d}</UniqueIdentifier>
    </Filter>
    <Filter Include="P2Engine\Source\AlarmSystem">
      <UniqueIdentifier>{7c611564-d00a-4708-a8be-088d86c57085}</UniqueIdentifier>
    </Filter>
    <Filter Include="P2Engine\Source\AssetManager">
      <UniqueIdentifier>{f2dd6bc6-f6b6-4c1d-9d37-43b7f510e1d1}</UniqueIdentifier>
    </Filter>
    <Filter Include="P2Engine\Source\InputSystem">
      <UniqueIdentifier>{61440274-3e25-45a1-8585-0b2d4d4c6ef0}</UniqueIdentifier>
    </Filter>
    <Filter Include="P2Engine\Source\TimeSystem">
      <UniqueIdentifier>{a7dbc199-4d20-43a8-baf6-24eb14b30cd8}</UniqueIdentifier>
    </Filter>
    <Filter Include="P2Engine\Source\Scene System">
      <UniqueIdentifier>{19f9b749-b5a5-40d3-8f33-aee3d796ed72}</UniqueIdentifier>
    </Filter>
    <Filter Include="P2Engine\Source\DrawingSystem">
      <UniqueIdentifier>{f0518455-c6b1-40aa-bd8c-b0c1fe28774f}</UniqueIdentifier>
    </Filter>
    <Filter Include="P2Engine\Source\Update System">
      <UniqueIdentifier>{6d5b40ac-0059-466c-b043-c1193875b99a}</UniqueIdentifier>
    </Filter>
    <Filter Include="P2Engine\Headers\AlarmSystem">
      <UniqueIdentifier>{2d414106-1313-41fc-a197-5677ff64252e}</UniqueIdentifier>
    </Filter>
    <Filter Include="P2Engine\Headers\AssetManager">
      <UniqueIdentifier>{9b05ac08-f95a-45fa-8e7f-1b465e63b5d8}</UniqueIdentifier>
    </Filter>
    <Filter Include="P2Engine\Headers\DrawingSystem">
      <UniqueIdentifier>{6ccb889b-7c9f-4219-961f-1afba8bb6184}</UniqueIdentifier>
    </Filter>
    <Filter Include="P2Engine\Headers\InputSystem">
      <UniqueIdentifier>{f3e31747-6a8e-42d8-a389-c4ab6debd4f5}</UniqueIdentifier>
    </Filter>
    <Filter Include="P2Engine\Headers\SceneSystem">
      <UniqueIdentifier>{b4b964c1-1060-41ae-a97e-501de0a9c3e9}</UniqueIdentifier>
    </Filter>
    <Filter Include="P2Engine\Headers\UpdateSystem">
      <UniqueIdentifier>{cc23e602-b6da-4ffd-85c2-249d61d7d997}</UniqueIdentifier>
    </Filter>
    <Filter Include="P2Engine\Headers\TimeSystem">
      <UniqueIdentifier>{f1887730-42f9-45f7-8096-4667fb30eef5}</UniqueIdentifier>
    </Filter>
    <Filter Include="P2Engine\Headers\CollisionSystem">
      <UniqueIdentifier>{8413352f-364d-4f2b-8cae-166dac3e2a50}</UniqueIdentifier>
    </Filter>
    <Filter Include="P2Engine\Headers\TerminableSystem">
      <UniqueIdentifier>{9e2b010c-2f36-4448-a8e9-dc3489526e8b}</UniqueIdentifier>
    </Filter>
    <Filter Include="P2Engine\Source\TerminableSystem">
      <UniqueIdentifier>{7f59a8b0-1f95-476c-b7ff-63eb5fd42ef2}</UniqueIdentifier>
    </Filter>
    <Filter Include="P2Engine\Source\CollisionSystem">
      <UniqueIdentifier>{f6fbc184-3033-467b-8346-fdbb39b7847c}</UniqueIdentifier>
    </Filter>
    <Filter Include="User Files\Levels\Demo Levels">
      <UniqueIdentifier>{8f8be5e3-5407-4e62-b4b5-a47628b2694d}</UniqueIdentifier>
    </Filter>
    <Filter Include="User Files\GameObjects\Demo GameObjects">
      <UniqueIdentifier>{6c67594a-0e18-469a-911b-5c269cbb537d}</UniqueIdentifier>
    </Filter>
    <Filter Include="P2Engine\Headers\GameObject">
      <UniqueIdentifier>{6ba0f034-2959-4bfd-a3ef-cb7a9bcf92d3}</UniqueIdentifier>
    </Filter>
    <Filter Include="User Files\Levels\debugging Level for engine">
      <UniqueIdentifier>{cd7c9d8f-e530-4eae-a6da-6f4498f5bcf0}</UniqueIdentifier>
    </Filter>
    <Filter Include="User Files\GameObjects\DebuggingGameObjects">
      <UniqueIdentifier>{0ddd71af-f435-4f8a-b6fd-050e5ea4b575}</UniqueIdentifier>
    </Filter>
    <Filter Include="P2Engine\Source\GraphicsObjectMaker">
      <UniqueIdentifier>{8c67994e-76d9-4e0b-9367-7bb5c587119b}</UniqueIdentifier>
    </Filter>
    <Filter Include="P2Engine\Headers\GraphicsObjectMaker">
      <UniqueIdentifier>{0e5008b9-dae2-4df8-ae2e-0e6527bcafdb}</UniqueIdentifier>
    </Filter>
    <Filter Include="P2Engine\Headers\SoundSystem">
      <UniqueIdentifier>{48150c65-9ef2-48a2-8dcf-d0dbaab0d3ee}</UniqueIdentifier>
    </Filter>
    <Filter Include="P2Engine\Source\SoundSystem">
      <UniqueIdentifier>{781e61eb-0eb4-4ed9-8268-11e9e530228b}</UniqueIdentifier>
    </Filter>
    <Filter Include="User Files\Levels\TankGameLevel">
      <UniqueIdentifier>{9c4bf8d0-d287-4ff7-affa-318f575f8766}</UniqueIdentifier>
    </Filter>
    <Filter Include="User Files\GameObjects\TankGameDemoGameObjects">
      <UniqueIdentifier>{442457d8-ff71-4ad1-8f2a-c24b03599fe5}</UniqueIdentifier>
    </Filter>
    <Filter Include="P2Engine\Headers\Tools">
      <UniqueIdentifier>{4f36e7dd-9d20-4b8c-ac1e-2f7976828d2d}</UniqueIdentifier>
    </Filter>
    <Filter Include="P2Engine\Source\Tools">
      <UniqueIdentifier>{1cbde7d3-456b-4f53-a8d5-adf7c7b9fec4}</UniqueIdentifier>
    </Filter>
    <Filter Include="P2Engine\Headers\Tools\DebugVisualizer">
      <UniqueIdentifier>{a511b8f9-2176-462e-a197-e8ac586b670f}</UniqueIdentifier>
    </Filter>
    <Filter Include="P2Engine\Source\Tools\DebugVisualizer">
      <UniqueIdentifier>{ccde6f2a-9854-4bec-9fed-a1b4f31d5d1a}</UniqueIdentifier>
    </Filter>
    <Filter Include="User Files\GameObjects\AlarmTest">
      <UniqueIdentifier>{64e966d1-9d08-4cd3-a33b-8c0b065025c9}</UniqueIdentifier>
    </Filter>
    <Filter Include="User Files\Levels\AlarmTestLevel">
      <UniqueIdentifier>{27af4d37-1c4a-4908-ae40-4228087d60ef}</UniqueIdentifier>
    </Filter>
    <Filter Include="User Files\GameObjects\SoundTestObjects">
      <UniqueIdentifier>{9d0e71f2-a956-42a8-9603-a0e9fc22c80d}</UniqueIdentifier>
    </Filter>
    <Filter Include="P2Engine\Headers\TerrainSystem">
      <UniqueIdentifier>{9db5fb98-b8c6-4010-9a17-7fef7a367fdb}</UniqueIdentifier>
    </Filter>
    <Filter Include="P2Engine\Source\TerrainSystem">
      <UniqueIdentifier>{a195e952-5f22-4044-bf68-3ff025e0d6b6}</UniqueIdentifier>
    </Filter>
    <Filter Include="P2Engine\Headers\CollisionSystem\CollisionVolumes">
      <UniqueIdentifier>{499fef9e-7ce3-4605-87bc-b62f0c31ac57}</UniqueIdentifier>
    </Filter>
    <Filter Include="P2Engine\Headers\CollisionSystem\CollisionPairTypes">
      <UniqueIdentifier>{c53d9a9a-f96f-4a07-b237-e3f808c0a27b}</UniqueIdentifier>
    </Filter>
    <Filter Include="User Files\Levels\SoundTestLevel">
      <UniqueIdentifier>{cca535bc-1d3c-4d83-b6ca-38f79943776d}</UniqueIdentifier>
    </Filter>
    <Filter Include="P2Engine\Headers\SoundSystem\PlayModes">
      <UniqueIdentifier>{7f165cc5-4cfb-40dd-8ea8-ce034318d084}</UniqueIdentifier>
    </Filter>
    <Filter Include="P2Engine\Headers\SoundSystem\SoundEndRecievers">
      <UniqueIdentifier>{b0362a4a-dfba-4f7b-adfe-d63e89ecacfd}</UniqueIdentifier>
    </Filter>
    <Filter Include="P2Engine\Headers\SoundSystem\PlayModes\2D">
      <UniqueIdentifier>{7308aa68-b661-48e5-8b8f-7116005d8db9}</UniqueIdentifier>
    </Filter>
    <Filter Include="P2Engine\Headers\SoundSystem\PlayModes\3D">
      <UniqueIdentifier>{54439d0b-4915-4446-8166-f339d2c9a524}</UniqueIdentifier>
    </Filter>
    <Filter Include="P2Engine\Headers\SoundSystem\SoundTypes">
      <UniqueIdentifier>{cf9ec0eb-a7ce-449d-a5fb-902f60333db1}</UniqueIdentifier>
    </Filter>
    <Filter Include="P2Engine\Headers\SoundSystem\SoundConsciousListeningStates">
      <UniqueIdentifier>{f718ec3b-250f-42ca-baee-3468c09a281a}</UniqueIdentifier>
    </Filter>
    <Filter Include="P2Engine\Headers\SoundSystem\SoundTypes\3D">
      <UniqueIdentifier>{63f2bc9b-9d50-4118-9d66-be70cbce5cae}</UniqueIdentifier>
    </Filter>
    <Filter Include="P2Engine\Headers\SoundSystem\SoundConscious">
      <UniqueIdentifier>{7e4de9e2-60a0-47bd-8627-935e7c36ef30}</UniqueIdentifier>
    </Filter>
  </ItemGroup>
  <ItemGroup>
    <ClInclude Include="..\Time\include\Time.h">
      <Filter>_Libs\_Time\include</Filter>
    </ClInclude>
    <ClInclude Include="..\Time\include\Timer.h">
      <Filter>_Libs\_Time\include</Filter>
    </ClInclude>
    <ClInclude Include="..\Math\include\MathApp.h">
      <Filter>_Libs\_Math\include</Filter>
    </ClInclude>
    <ClInclude Include="..\Math\include\MathEngine.h">
      <Filter>_Libs\_Math\include</Filter>
    </ClInclude>
    <ClInclude Include="..\File\include\File.h">
      <Filter>_Libs\_File\include</Filter>
    </ClInclude>
    <ClInclude Include="..\Azul\include\Azul.h">
      <Filter>_Libs\_Azul\include</Filter>
    </ClInclude>
    <ClInclude Include="resource.h" />
    <ClInclude Include="P2Engine\P2Engine.h">
      <Filter>P2Engine\Headers</Filter>
    </ClInclude>
    <ClInclude Include="P2Engine\Alarmable.h">
      <Filter>P2Engine\Headers\AlarmSystem</Filter>
    </ClInclude>
    <ClInclude Include="P2Engine\AlarmManager.h">
      <Filter>P2Engine\Headers\AlarmSystem</Filter>
    </ClInclude>
    <ClInclude Include="P2Engine\AlarmMarker.h">
      <Filter>P2Engine\Headers\AlarmSystem</Filter>
    </ClInclude>
    <ClInclude Include="P2Engine\AssetManager.h">
      <Filter>P2Engine\Headers\AssetManager</Filter>
    </ClInclude>
    <ClInclude Include="P2Engine\Drawable.h">
      <Filter>P2Engine\Headers\DrawingSystem</Filter>
    </ClInclude>
    <ClInclude Include="P2Engine\DrawableManager.h">
      <Filter>P2Engine\Headers\DrawingSystem</Filter>
    </ClInclude>
    <ClInclude Include="P2Engine\GameObject.h">
      <Filter>P2Engine\Headers\GameObject</Filter>
    </ClInclude>
    <ClInclude Include="P2Engine\Inputable.h">
      <Filter>P2Engine\Headers\InputSystem</Filter>
    </ClInclude>
    <ClInclude Include="P2Engine\InputManager.h">
      <Filter>P2Engine\Headers\InputSystem</Filter>
    </ClInclude>
    <ClInclude Include="P2Engine\Scene.h">
      <Filter>P2Engine\Headers\SceneSystem</Filter>
    </ClInclude>
    <ClInclude Include="P2Engine\KeyState.h">
      <Filter>P2Engine\Headers\InputSystem</Filter>
    </ClInclude>
    <ClInclude Include="P2Engine\SceneManager.h">
      <Filter>P2Engine\Headers\SceneSystem</Filter>
    </ClInclude>
    <ClInclude Include="P2Engine\Updatable.h">
      <Filter>P2Engine\Headers\UpdateSystem</Filter>
    </ClInclude>
    <ClInclude Include="P2Engine\UpdatableManager.h">
      <Filter>P2Engine\Headers\UpdateSystem</Filter>
    </ClInclude>
    <ClInclude Include="P2Engine\TimeManager.h">
      <Filter>P2Engine\Headers\TimeSystem</Filter>
    </ClInclude>
    <ClInclude Include="P2Engine\Terminable.h">
      <Filter>P2Engine\Headers\TerminableSystem</Filter>
    </ClInclude>
    <ClInclude Include="P2Engine\TerminableManager.h">
      <Filter>P2Engine\Headers\TerminableSystem</Filter>
    </ClInclude>
    <ClInclude Include="P2Engine\TerminationDumpster.h">
      <Filter>P2Engine\Headers\TerminableSystem</Filter>
    </ClInclude>
    <ClInclude Include="P2Engine\KeyEventEnum.h">
      <Filter>P2Engine\Headers\InputSystem</Filter>
    </ClInclude>
    <ClInclude Include="P2Engine\DoxygenP2Api.h">
      <Filter>P2Engine</Filter>
    </ClInclude>
    <ClInclude Include="..\User Files\Bomb.h">
      <Filter>User Files\GameObjects\Demo GameObjects</Filter>
    </ClInclude>
    <ClInclude Include="..\User Files\Bucket.h">
      <Filter>User Files\GameObjects\Demo GameObjects</Filter>
    </ClInclude>
    <ClInclude Include="..\User Files\Floor.h">
      <Filter>User Files\GameObjects\Demo GameObjects</Filter>
    </ClInclude>
    <ClInclude Include="..\User Files\GameController.h">
      <Filter>User Files\GameObjects\Demo GameObjects</Filter>
    </ClInclude>
    <ClInclude Include="..\User Files\WinText.h">
      <Filter>User Files\GameObjects\Demo GameObjects</Filter>
    </ClInclude>
    <ClInclude Include="..\User Files\WinScene.h">
      <Filter>User Files\Levels\Demo Levels</Filter>
    </ClInclude>
    <ClInclude Include="..\User Files\TutorialLevel1.h">
      <Filter>User Files\Levels\Demo Levels</Filter>
    </ClInclude>
    <ClInclude Include="..\User Files\LoseScene .h">
      <Filter>User Files\Levels\Demo Levels</Filter>
    </ClInclude>
    <ClInclude Include="..\User Files\LoseText.h">
      <Filter>User Files\GameObjects\Demo GameObjects</Filter>
    </ClInclude>
    <ClInclude Include="..\User Files\RecyclingBombFactory.h">
      <Filter>User Files\GameObjects\Demo GameObjects</Filter>
    </ClInclude>
    <ClInclude Include="P2Engine\Collidable.h">
      <Filter>P2Engine\Headers\CollisionSystem</Filter>
    </ClInclude>
    <ClInclude Include="P2Engine\CollidableGroup.h">
      <Filter>P2Engine\Headers\CollisionSystem</Filter>
    </ClInclude>
    <ClInclude Include="P2Engine\CollidableGroupBase.h">
      <Filter>P2Engine\Headers\CollisionSystem</Filter>
    </ClInclude>
    <ClInclude Include="P2Engine\CollisionManager.h">
      <Filter>P2Engine\Headers\CollisionSystem</Filter>
    </ClInclude>
    <ClInclude Include="P2Engine\GraphicsObjectMaker.h">
      <Filter>P2Engine\Headers\GraphicsObjectMaker</Filter>
    </ClInclude>
    <ClInclude Include="..\User Files\Level1.h">
      <Filter>User Files\Levels\debugging Level for engine</Filter>
    </ClInclude>
    <ClInclude Include="..\User Files\Level2.h">
      <Filter>User Files\Levels\debugging Level for engine</Filter>
    </ClInclude>
    <ClInclude Include="..\User Files\BattleShip.h">
      <Filter>User Files\GameObjects\DebuggingGameObjects</Filter>
    </ClInclude>
    <ClInclude Include="..\User Files\Ship.h">
      <Filter>User Files\GameObjects\DebuggingGameObjects</Filter>
    </ClInclude>
    <ClInclude Include="..\User Files\WeirdShape.h">
      <Filter>User Files\GameObjects\DebuggingGameObjects</Filter>
    </ClInclude>
    <ClInclude Include="P2Engine\SoundSystem.h">
      <Filter>P2Engine\Headers\SoundSystem</Filter>
    </ClInclude>
    <ClInclude Include="..\User Files\DeathMatchLevel.h">
      <Filter>User Files\Levels\TankGameLevel</Filter>
    </ClInclude>
    <ClInclude Include="..\User Files\DesertFloor.h">
      <Filter>User Files\GameObjects\TankGameDemoGameObjects</Filter>
    </ClInclude>
    <ClInclude Include="..\User Files\TankShell.h">
      <Filter>User Files\GameObjects\TankGameDemoGameObjects</Filter>
    </ClInclude>
    <ClInclude Include="..\User Files\TankBottom.h">
      <Filter>User Files\GameObjects\TankGameDemoGameObjects</Filter>
    </ClInclude>
    <ClInclude Include="..\User Files\TankTop.h">
      <Filter>User Files\GameObjects\TankGameDemoGameObjects</Filter>
    </ClInclude>
    <ClInclude Include="..\User Files\Tank.h">
      <Filter>User Files\GameObjects\TankGameDemoGameObjects</Filter>
    </ClInclude>
    <ClInclude Include="P2Engine\SoundManager.h">
      <Filter>P2Engine\Headers\SoundSystem</Filter>
    </ClInclude>
    <ClInclude Include="P2Engine\P2Math.h">
      <Filter>P2Engine\Headers\Tools</Filter>
    </ClInclude>
    <ClInclude Include="..\User Files\BGM.h">
      <Filter>User Files\GameObjects\TankGameDemoGameObjects</Filter>
    </ClInclude>
    <ClInclude Include="P2Engine\DebugVisualizer.h">
      <Filter>P2Engine\Headers\Tools\DebugVisualizer</Filter>
    </ClInclude>
    <ClInclude Include="..\User Files\AlarmTestLevel.h">
      <Filter>User Files\Levels\AlarmTestLevel</Filter>
    </ClInclude>
    <ClInclude Include="..\User Files\AlarmExampleGameObject.h">
      <Filter>User Files\GameObjects\AlarmTest</Filter>
    </ClInclude>
    <ClInclude Include="P2Engine\SoundTest1.h">
      <Filter>User Files\GameObjects\SoundTestObjects</Filter>
    </ClInclude>
    <ClInclude Include="P2Engine\TerrainModel.h">
      <Filter>P2Engine\Headers\TerrainSystem</Filter>
    </ClInclude>
    <ClInclude Include="P2Engine\Terrain.h">
      <Filter>P2Engine\Headers\TerrainSystem</Filter>
    </ClInclude>
    <ClInclude Include="P2Engine\TerrainAssetManager.h">
      <Filter>P2Engine\Headers\TerrainSystem</Filter>
    </ClInclude>
    <ClInclude Include="P2Engine\TerrainManager.h">
      <Filter>P2Engine\Headers\TerrainSystem</Filter>
    </ClInclude>
    <ClInclude Include="P2Engine\NoTerrainInstance.h">
      <Filter>P2Engine\Headers\TerrainSystem</Filter>
    </ClInclude>
    <ClInclude Include="P2Engine\CollisionVolume.h">
      <Filter>P2Engine\Headers\CollisionSystem\CollisionVolumes</Filter>
    </ClInclude>
    <ClInclude Include="P2Engine\BoundingSphereVolume.h">
      <Filter>P2Engine\Headers\CollisionSystem\CollisionVolumes</Filter>
    </ClInclude>
    <ClInclude Include="P2Engine\AABBBoundingBox.h">
      <Filter>P2Engine\Headers\CollisionSystem\CollisionVolumes</Filter>
    </ClInclude>
    <ClInclude Include="P2Engine\OOBB.h">
      <Filter>P2Engine\Headers\CollisionSystem\CollisionVolumes</Filter>
    </ClInclude>
    <ClInclude Include="P2Engine\CollisionSingleProcessor.h">
      <Filter>P2Engine\Headers\CollisionSystem\CollisionPairTypes</Filter>
    </ClInclude>
    <ClInclude Include="P2Engine\CollisionProcessorBase.h">
      <Filter>P2Engine\Headers\CollisionSystem\CollisionPairTypes</Filter>
    </ClInclude>
    <ClInclude Include="P2Engine\CollisionPairProcessor.h">
      <Filter>P2Engine\Headers\CollisionSystem\CollisionPairTypes</Filter>
    </ClInclude>
    <ClInclude Include="P2Engine\CollisionTerrainProcessor.h">
      <Filter>P2Engine\Headers\CollisionSystem\CollisionPairTypes</Filter>
    </ClInclude>
    <ClInclude Include="..\User Files\SoundTestLevel.h">
      <Filter>User Files\Levels\SoundTestLevel</Filter>
    </ClInclude>
    <ClInclude Include="..\User Files\SoundTester.h">
      <Filter>User Files\GameObjects\SoundTestObjects</Filter>
    </ClInclude>
    <ClInclude Include="P2Engine\PlayModeBase.h">
      <Filter>P2Engine\Headers\SoundSystem\PlayModes</Filter>
    </ClInclude>
    <ClInclude Include="P2Engine\BurstSoundUserEndedReceiver.h">
      <Filter>P2Engine\Headers\SoundSystem\SoundEndRecievers</Filter>
    </ClInclude>
    <ClInclude Include="P2Engine\BurstSoundEndReceiver.h">
      <Filter>P2Engine\Headers\SoundSystem\SoundEndRecievers</Filter>
    </ClInclude>
    <ClInclude Include="P2Engine\Sound.h">
      <Filter>P2Engine\Headers\SoundSystem\SoundTypes</Filter>
    </ClInclude>
    <ClInclude Include="P2Engine\Sound2D.h">
      <Filter>P2Engine\Headers\SoundSystem\SoundTypes</Filter>
    </ClInclude>
    <ClInclude Include="P2Engine\Burst2DPlayMode.h">
      <Filter>P2Engine\Headers\SoundSystem\PlayModes\2D</Filter>
    </ClInclude>
    <ClInclude Include="P2Engine\Looped2DPlayMode.h">
      <Filter>P2Engine\Headers\SoundSystem\PlayModes\2D</Filter>
    </ClInclude>
    <ClInclude Include="P2Engine\Burst3DPlayMode.h">
      <Filter>P2Engine\Headers\SoundSystem\PlayModes\3D</Filter>
    </ClInclude>
    <ClInclude Include="P2Engine\Looped3DPlayMode.h">
      <Filter>P2Engine\Headers\SoundSystem\PlayModes\3D</Filter>
    </ClInclude>
    <ClInclude Include="P2Engine\Audible.h">
      <Filter>P2Engine\Headers\SoundSystem</Filter>
    </ClInclude>
    <ClInclude Include="P2Engine\SoundConsciousListeningState.h">
      <Filter>P2Engine\Headers\SoundSystem\SoundConsciousListeningStates</Filter>
    </ClInclude>
    <ClInclude Include="P2Engine\ListeningState.h">
      <Filter>P2Engine\Headers\SoundSystem\SoundConsciousListeningStates</Filter>
    </ClInclude>
    <ClInclude Include="P2Engine\NotListeningState.h">
      <Filter>P2Engine\Headers\SoundSystem\SoundConsciousListeningStates</Filter>
    </ClInclude>
    <ClInclude Include="..\User Files\SoundListenerTest.h">
      <Filter>User Files\GameObjects\SoundTestObjects</Filter>
    </ClInclude>
    <ClInclude Include="P2Engine\Sound3D.h">
      <Filter>P2Engine\Headers\SoundSystem\SoundTypes\3D</Filter>
    </ClInclude>
    <ClInclude Include="P2Engine\No3DSound.h">
      <Filter>P2Engine\Headers\SoundSystem\SoundTypes\3D</Filter>
    </ClInclude>
    <ClInclude Include="..\User Files\ObjectSound3DTest.h">
      <Filter>User Files\GameObjects\SoundTestObjects</Filter>
    </ClInclude>
    <ClInclude Include="Game.h">
      <Filter>User Files</Filter>
    </ClInclude>
    <ClInclude Include="P2Engine\SoundConscious.h">
      <Filter>P2Engine\Headers\SoundSystem\SoundConscious</Filter>
    </ClInclude>
    <ClInclude Include="P2Engine\DefaultSoundConscious.h">
      <Filter>P2Engine\Headers\SoundSystem\SoundConscious</Filter>
    </ClInclude>
    <ClInclude Include="..\User Files\CollisionTester.h">
      <Filter>User Files\Levels\TankGameLevel</Filter>
    </ClInclude>
    <ClInclude Include="..\User Files\CameraObjectFollow.h">
      <Filter>User Files\Levels\TankGameLevel</Filter>
    </ClInclude>
    <ClInclude Include="..\User Files\CollisionTesterMovable.h">
      <Filter>User Files\Levels\TankGameLevel</Filter>
    </ClInclude>
  </ItemGroup>
  <ItemGroup>
    <Library Include="..\Azul\lib\AzulDebug.lib">
      <Filter>_Libs\_Azul</Filter>
    </Library>
    <Library Include="..\Time\lib\TimeDebug.lib">
      <Filter>_Libs\_Time</Filter>
    </Library>
    <Library Include="..\Time\lib\TimeRelease.lib">
      <Filter>_Libs\_Time</Filter>
    </Library>
    <Library Include="..\Math\lib\MathDebug.lib">
      <Filter>_Libs\_Math</Filter>
    </Library>
    <Library Include="..\Math\lib\MathRelease.lib">
      <Filter>_Libs\_Math</Filter>
    </Library>
    <Library Include="..\File\lib\FileDebug.lib">
      <Filter>_Libs\_File</Filter>
    </Library>
    <Library Include="..\File\lib\FileRelease.lib">
      <Filter>_Libs\_File</Filter>
    </Library>
    <Library Include="..\Azul\lib\AzulRelease.lib">
      <Filter>_Libs\_Azul</Filter>
    </Library>
  </ItemGroup>
  <ItemGroup>
    <ResourceCompile Include="Game.rc" />
  </ItemGroup>
</Project>